
Microsoft Visual Studio Solution File, Format Version 12.00
# Visual Studio Version 17
VisualStudioVersion = 17.4.33122.133
MinimumVisualStudioVersion = 10.0.40219.1
Project("{9A19103F-16F7-4668-BE54-9A1E7A4F7556}") = "TraverselCore", "TraverselCore\TraverselCore.csproj", "{95CA47E4-81A5-40AC-AD89-F9D454DFDC5B}"
EndProject
Project("{9A19103F-16F7-4668-BE54-9A1E7A4F7556}") = "EntityLayer", "EntityLayer\EntityLayer.csproj", "{E9B32791-46BE-4AD1-8088-29CEA6CA6B99}"
EndProject
Project("{9A19103F-16F7-4668-BE54-9A1E7A4F7556}") = "DataAccessLayer", "DataAccessLayer\DataAccessLayer.csproj", "{6F4B8922-15AF-4061-843B-283B8499E78D}"
EndProject
Project("{9A19103F-16F7-4668-BE54-9A1E7A4F7556}") = "BusiinessLayer", "BusiinessLayer\BusiinessLayer.csproj", "{FE4C38F7-8923-4389-B5F0-8EB6E72542B0}"
EndProject
Project("{FAE04EC0-301F-11D3-BF4B-00C04F79EFBC}") = "DtoLayer", "DtoLayer\DtoLayer.csproj", "{052C0366-9EE5-4F41-AF15-5C02499843F0}"
EndProject
Global
	GlobalSection(SolutionConfigurationPlatforms) = preSolution
		Debug|Any CPU = Debug|Any CPU
		Release|Any CPU = Release|Any CPU
	EndGlobalSection
	GlobalSection(ProjectConfigurationPlatforms) = postSolution
		{95CA47E4-81A5-40AC-AD89-F9D454DFDC5B}.Debug|Any CPU.ActiveCfg = Debug|Any CPU
		{95CA47E4-81A5-40AC-AD89-F9D454DFDC5B}.Debug|Any CPU.Build.0 = Debug|Any CPU
		{95CA47E4-81A5-40AC-AD89-F9D454DFDC5B}.Release|Any CPU.ActiveCfg = Release|Any CPU
		{95CA47E4-81A5-40AC-AD89-F9D454DFDC5B}.Release|Any CPU.Build.0 = Release|Any CPU
		{E9B32791-46BE-4AD1-8088-29CEA6CA6B99}.Debug|Any CPU.ActiveCfg = Debug|Any CPU
		{E9B32791-46BE-4AD1-8088-29CEA6CA6B99}.Debug|Any CPU.Build.0 = Debug|Any CPU
		{E9B32791-46BE-4AD1-8088-29CEA6CA6B99}.Release|Any CPU.ActiveCfg = Release|Any CPU
		{E9B32791-46BE-4AD1-8088-29CEA6CA6B99}.Release|Any CPU.Build.0 = Release|Any CPU
		{6F4B8922-15AF-4061-843B-283B8499E78D}.Debug|Any CPU.ActiveCfg = Debug|Any CPU
		{6F4B8922-15AF-4061-843B-283B8499E78D}.Debug|Any CPU.Build.0 = Debug|Any CPU
		{6F4B8922-15AF-4061-843B-283B8499E78D}.Release|Any CPU.ActiveCfg = Release|Any CPU
		{6F4B8922-15AF-4061-843B-283B8499E78D}.Release|Any CPU.Build.0 = Release|Any CPU
		{FE4C38F7-8923-4389-B5F0-8EB6E72542B0}.Debug|Any CPU.ActiveCfg = Debug|Any CPU
		{FE4C38F7-8923-4389-B5F0-8EB6E72542B0}.Debug|Any CPU.Build.0 = Debug|Any CPU
		{FE4C38F7-8923-4389-B5F0-8EB6E72542B0}.Release|Any CPU.ActiveCfg = Release|Any CPU
		{FE4C38F7-8923-4389-B5F0-8EB6E72542B0}.Release|Any CPU.Build.0 = Release|Any CPU
		{052C0366-9EE5-4F41-AF15-5C02499843F0}.Debug|Any CPU.ActiveCfg = Debug|Any CPU
		{052C0366-9EE5-4F41-AF15-5C02499843F0}.Debug|Any CPU.Build.0 = Debug|Any CPU
		{052C0366-9EE5-4F41-AF15-5C02499843F0}.Release|Any CPU.ActiveCfg = Release|Any CPU
		{052C0366-9EE5-4F41-AF15-5C02499843F0}.Release|Any CPU.Build.0 = Release|Any CPU
	EndGlobalSection
	GlobalSection(SolutionProperties) = preSolution
		HideSolutionNode = FALSE
	EndGlobalSection
	GlobalSection(ExtensibilityGlobals) = postSolution
		SolutionGuid = {A38379FD-78E8-464C-B2ED-CD946AC552CF}
	EndGlobalSection
EndGlobal
